{
  "nodes": {
    "flake-utils": {
      "inputs": {
        "systems": "systems"
      },
      "locked": {
        "lastModified": 1731533236,
        "narHash": "sha256-l0KFg5HjrsfsO/JpG+r7fRrqm12kzFHyUHqHCVpMMbI=",
        "owner": "numtide",
        "repo": "flake-utils",
        "rev": "11707dc2f618dd54ca8739b309ec4fc024de578b",
        "type": "github"
      },
      "original": {
        "owner": "numtide",
        "repo": "flake-utils",
        "type": "github"
      }
    },
    "flake-utils_2": {
      "inputs": {
        "systems": "systems_2"
      },
      "locked": {
        "lastModified": 1731533236,
        "narHash": "sha256-l0KFg5HjrsfsO/JpG+r7fRrqm12kzFHyUHqHCVpMMbI=",
        "owner": "numtide",
        "repo": "flake-utils",
        "rev": "11707dc2f618dd54ca8739b309ec4fc024de578b",
        "type": "github"
      },
      "original": {
        "owner": "numtide",
        "repo": "flake-utils",
        "type": "github"
      }
    },
    "flake-utils_3": {
      "inputs": {
        "systems": "systems_3"
      },
      "locked": {
        "lastModified": 1731533236,
        "narHash": "sha256-l0KFg5HjrsfsO/JpG+r7fRrqm12kzFHyUHqHCVpMMbI=",
        "owner": "numtide",
        "repo": "flake-utils",
        "rev": "11707dc2f618dd54ca8739b309ec4fc024de578b",
        "type": "github"
      },
      "original": {
        "owner": "numtide",
        "repo": "flake-utils",
        "type": "github"
      }
    },
    "fleet": {
      "inputs": {
        "flake-utils": "flake-utils",
        "nixpkgs": "nixpkgs",
        "srht": "srht"
      },
      "locked": {
        "lastModified": 1784076926,
        "narHash": "sha256-w8NF589tgHa2gpor9Hgn38siIS782AlW75keo+qR+vA=",
        "ref": "refs/heads/main",
        "rev": "f61cfe0bcacd26a3b8881dc2f7cc4ae3b12a5e8c",
        "revCount": 77,
        "type": "git",
        "url": "https://git.sr.ht/~averagechris/averagechris.srht.site"
      },
      "original": {
        "type": "git",
        "url": "https://git.sr.ht/~averagechris/averagechris.srht.site"
      }
    },
    "fleet_2": {
      "inputs": {
        "flake-utils": "flake-utils_2",
        "nixpkgs": "nixpkgs_2",
        "srht": "srht_2"
      },
      "locked": {
        "lastModified": 1783445138,
        "narHash": "sha256-KbmbEqmBkHHAD1FBanOs0es4BYG/CmAxWBgoDrEbGgo=",
        "ref": "refs/heads/main",
        "rev": "c5f187626ac108fd362d826c20947c511e0853bb",
        "revCount": 61,
        "type": "git",
        "url": "https://git.sr.ht/~averagechris/averagechris.srht.site"
      },
      "original": {
        "type": "git",
        "url": "https://git.sr.ht/~averagechris/averagechris.srht.site"
      }
    },
    "fleet_3": {
      "inputs": {
        "flake-utils": "flake-utils_3",
        "nixpkgs": "nixpkgs_3"
      },
      "locked": {
        "lastModified": 1783314197,
        "narHash": "sha256-B7jWVlTsLvEDlkRk9Y1H49Y8IVPIzcSh7CbN52/8ySQ=",
        "ref": "refs/heads/main",
        "rev": "9176469ea737a76c9207d90191190cab1821b36c",
        "revCount": 52,
        "type": "git",
        "url": "https://git.sr.ht/~averagechris/averagechris.srht.site"
      },
      "original": {
        "type": "git",
        "url": "https://git.sr.ht/~averagechris/averagechris.srht.site"
      }
    },
    "nixpkgs": {
      "locked": {
        "lastModified": 1782723713,
        "narHash": "sha256-oPXCU/SSUokcGaJREHibG1CBX3+s/W7orDWQOZDsEeQ=",
        "owner": "NixOS",
        "repo": "nixpkgs",
        "rev": "b5aa0fbd538984f6e3d201be0005b4463d8b09f8",
        "type": "github"
      },
      "original": {
        "owner": "NixOS",
        "ref": "nixos-unstable",
        "repo": "nixpkgs",
        "type": "github"
      }
    },
    "nixpkgs_2": {
      "locked": {
        "lastModified": 1782723713,
        "narHash": "sha256-oPXCU/SSUokcGaJREHibG1CBX3+s/W7orDWQOZDsEeQ=",
        "owner": "NixOS",
        "repo": "nixpkgs",
        "rev": "b5aa0fbd538984f6e3d201be0005b4463d8b09f8",
        "type": "github"
      },
      "original": {
        "owner": "NixOS",
        "ref": "nixos-unstable",
        "repo": "nixpkgs",
        "type": "github"
      }
    },
    "nixpkgs_3": {
      "locked": {
        "lastModified": 1782723713,
        "narHash": "sha256-oPXCU/SSUokcGaJREHibG1CBX3+s/W7orDWQOZDsEeQ=",
        "owner": "NixOS",
        "repo": "nixpkgs",
        "rev": "b5aa0fbd538984f6e3d201be0005b4463d8b09f8",
        "type": "github"
      },
      "original": {
        "owner": "NixOS",
        "ref": "nixos-unstable",
        "repo": "nixpkgs",
        "type": "github"
      }
    },
    "nixpkgs_4": {
      "locked": {
        "lastModified": 1783224372,
        "narHash": "sha256-8i/87eeoqiGE4yOTjwSA3Eh/ziJRQEmd/unYU+K27sk=",
        "owner": "NixOS",
        "repo": "nixpkgs",
        "rev": "d407951447dcd00442e97087bf374aad70c04cea",
        "type": "github"
      },
      "original": {
        "owner": "NixOS",
        "ref": "nixos-unstable",
        "repo": "nixpkgs",
        "type": "github"
      }
    },
    "nixpkgs_5": {
      "locked": {
        "lastModified": 1783224372,
        "narHash": "sha256-8i/87eeoqiGE4yOTjwSA3Eh/ziJRQEmd/unYU+K27sk=",
        "owner": "NixOS",
        "repo": "nixpkgs",
        "rev": "d407951447dcd00442e97087bf374aad70c04cea",
        "type": "github"
      },
      "original": {
        "owner": "NixOS",
        "ref": "nixos-unstable",
        "repo": "nixpkgs",
        "type": "github"
      }
    },
    "nixpkgs_6": {
      "locked": {
        "lastModified": 1781577229,
        "narHash": "sha256-lrp67w8AulE9Ks53n27I45ADSzbOCn4H+CNW1Ck8B+8=",
        "owner": "NixOS",
        "repo": "nixpkgs",
        "rev": "567a49d1913ce81ac6e9582e3553dd90a955875f",
        "type": "github"
      },
      "original": {
        "owner": "NixOS",
        "ref": "nixos-unstable",
        "repo": "nixpkgs",
        "type": "github"
      }
    },
    "root": {
      "inputs": {
        "fleet": "fleet",
        "nixpkgs": "nixpkgs_6"
      }
    },
    "srht": {
      "inputs": {
        "fleet": "fleet_2",
        "nixpkgs": "nixpkgs_5"
      },
      "locked": {
        "lastModified": 1783905917,
        "narHash": "sha256-1MKEStblC17/tc9TkrOcn1PkSLKR5c/ykk1OHqNezK8=",
        "ref": "refs/tags/v0.8.1",
        "rev": "5f11c3fd8627314905c8f79f0eb702966785b6a9",
        "revCount": 141,
        "type": "git",
        "url": "https://git.sr.ht/~averagechris/srht"
      },
      "original": {
        "ref": "refs/tags/v0.8.1",
        "type": "git",
        "url": "https://git.sr.ht/~averagechris/srht"
      }
    },
    "srht_2": {
      "inputs": {
        "fleet": "fleet_3",
        "nixpkgs": "nixpkgs_4"
      },
      "locked": {
        "lastModified": 1783323781,
        "narHash": "sha256-0THjlQcDkM7PFSUbb+eCLc8Q0p0dSYSC8QR+NOEB9xA=",
        "ref": "refs/heads/main",
        "rev": "a5a05d79196f70d991ce3f56464b604e9e372972",
        "revCount": 74,
        "type": "git",
        "url": "https://git.sr.ht/~averagechris/srht"
      },
      "original": {
        "type": "git",
        "url": "https://git.sr.ht/~averagechris/srht"
      }
    },
    "systems": {
      "locked": {
        "lastModified": 1681028828,
        "narHash": "sha256-Vy1rq5AaRuLzOxct8nz4T6wlgyUR7zLU309k9mBC768=",
        "owner": "nix-systems",
        "repo": "default",
        "rev": "da67096a3b9bf56a91d16901293e51ba5b49a27e",
        "type": "github"
      },
      "original": {
        "owner": "nix-systems",
        "repo": "default",
        "type": "github"
      }
    },
    "systems_2": {
      "locked": {
        "lastModified": 1681028828,
        "narHash": "sha256-Vy1rq5AaRuLzOxct8nz4T6wlgyUR7zLU309k9mBC768=",
        "owner": "nix-systems",
        "repo": "default",
        "rev": "da67096a3b9bf56a91d16901293e51ba5b49a27e",
        "type": "github"
      },
      "original": {
        "owner": "nix-systems",
        "repo": "default",
        "type": "github"
      }
    },
    "systems_3": {
      "locked": {
        "lastModified": 1681028828,
        "narHash": "sha256-Vy1rq5AaRuLzOxct8nz4T6wlgyUR7zLU309k9mBC768=",
        "owner": "nix-systems",
        "repo": "default",
        "rev": "da67096a3b9bf56a91d16901293e51ba5b49a27e",
        "type": "github"
      },
      "original": {
        "owner": "nix-systems",
        "repo": "default",
        "type": "github"
      }
    }
  },
  "root": "root",
  "version": 7
}
